
Microsoft Visual Studio Solution File, Format Version 12.00
# Visual Studio Version 17
VisualStudioVersion = 17.3.32901.215
MinimumVisualStudioVersion = 10.0.40219.1
Project("{FAE04EC0-301F-11D3-BF4B-00C04F79EFBC}") = "Selection Sort", "Selection Sort\Selection Sort.csproj", "{4F876483-B48A-440A-A5A6-7A1377B6ABEE}"
EndProject
Global
	GlobalSection(SolutionConfigurationPlatforms) = preSolution
		Debug|Any CPU = Debug|Any CPU
		Release|Any CPU = Release|Any CPU
	EndGlobalSection
	GlobalSection(ProjectConfigurationPlatforms) = postSolution
		{4F876483-B48A-440A-A5A6-7A1377B6ABEE}.Debug|Any CPU.ActiveCfg = Debug|Any CPU
		{4F876483-B48A-440A-A5A6-7A1377B6ABEE}.Debug|Any CPU.Build.0 = Debug|Any CPU
		{4F876483-B48A-440A-A5A6-7A1377B6ABEE}.Release|Any CPU.ActiveCfg = Release|Any CPU
		{4F876483-B48A-440A-A5A6-7A1377B6ABEE}.Release|Any CPU.Build.0 = Release|Any CPU
	EndGlobalSection
	GlobalSection(SolutionProperties) = preSolution
		HideSolutionNode = FALSE
	EndGlobalSection
	GlobalSection(ExtensibilityGlobals) = postSolution
		SolutionGuid = {2F1BE5A6-9A23-40A3-BF47-E53860D98220}
	EndGlobalSection
EndGlobal
