
Microsoft Visual Studio Solution File, Format Version 12.00
# Visual Studio Version 17
VisualStudioVersion = 17.3.32825.248
MinimumVisualStudioVersion = 10.0.40219.1
Project("{FAE04EC0-301F-11D3-BF4B-00C04F79EFBC}") = "Quick Sort", "Quick Sort\Quick Sort.csproj", "{8C162074-21D8-4ACD-BE55-B16C6BF18B87}"
EndProject
Global
	GlobalSection(SolutionConfigurationPlatforms) = preSolution
		Debug|Any CPU = Debug|Any CPU
		Release|Any CPU = Release|Any CPU
	EndGlobalSection
	GlobalSection(ProjectConfigurationPlatforms) = postSolution
		{8C162074-21D8-4ACD-BE55-B16C6BF18B87}.Debug|Any CPU.ActiveCfg = Debug|Any CPU
		{8C162074-21D8-4ACD-BE55-B16C6BF18B87}.Debug|Any CPU.Build.0 = Debug|Any CPU
		{8C162074-21D8-4ACD-BE55-B16C6BF18B87}.Release|Any CPU.ActiveCfg = Release|Any CPU
		{8C162074-21D8-4ACD-BE55-B16C6BF18B87}.Release|Any CPU.Build.0 = Release|Any CPU
	EndGlobalSection
	GlobalSection(SolutionProperties) = preSolution
		HideSolutionNode = FALSE
	EndGlobalSection
	GlobalSection(ExtensibilityGlobals) = postSolution
		SolutionGuid = {851A1BAC-94DF-4E5C-9971-6E7E83AAAE32}
	EndGlobalSection
EndGlobal
